
Microsoft Visual Studio Solution File, Format Version 12.00
# Visual Studio Version 17
VisualStudioVersion = 17.0.31903.59
MinimumVisualStudioVersion = 10.0.40219.1
Project("{FAE04EC0-301F-11D3-BF4B-00C04F79EFBC}") = "API", "API\API.csproj", "{619E7DB6-63AF-4BBE-AC58-D7055D2AFF3B}"
EndProject
Project("{FAE04EC0-301F-11D3-BF4B-00C04F79EFBC}") = "Application", "Application\Application.csproj", "{21DCA42C-0C16-4D0D-B157-F7867CB8983A}"
EndProject
Project("{FAE04EC0-301F-11D3-BF4B-00C04F79EFBC}") = "Domain", "Domain\Domain.csproj", "{EB7F0EA4-AFEB-4B77-940E-04D96FBF5881}"
EndProject
Project("{FAE04EC0-301F-11D3-BF4B-00C04F79EFBC}") = "Persistence", "Persistence\Persistence.csproj", "{F3860753-816B-4C98-8983-9413C957D489}"
EndProject
Project("{FAE04EC0-301F-11D3-BF4B-00C04F79EFBC}") = "Infrastructure", "Infrastructure\Infrastructure.csproj", "{72416B61-4449-4E63-A7FB-E23EBBE11DEE}"
EndProject
Global
	GlobalSection(SolutionConfigurationPlatforms) = preSolution
		Debug|Any CPU = Debug|Any CPU
		Release|Any CPU = Release|Any CPU
	EndGlobalSection
	GlobalSection(SolutionProperties) = preSolution
		HideSolutionNode = FALSE
	EndGlobalSection
	GlobalSection(ProjectConfigurationPlatforms) = postSolution
		{619E7DB6-63AF-4BBE-AC58-D7055D2AFF3B}.Debug|Any CPU.ActiveCfg = Debug|Any CPU
		{619E7DB6-63AF-4BBE-AC58-D7055D2AFF3B}.Debug|Any CPU.Build.0 = Debug|Any CPU
		{619E7DB6-63AF-4BBE-AC58-D7055D2AFF3B}.Release|Any CPU.ActiveCfg = Release|Any CPU
		{619E7DB6-63AF-4BBE-AC58-D7055D2AFF3B}.Release|Any CPU.Build.0 = Release|Any CPU
		{21DCA42C-0C16-4D0D-B157-F7867CB8983A}.Debug|Any CPU.ActiveCfg = Debug|Any CPU
		{21DCA42C-0C16-4D0D-B157-F7867CB8983A}.Debug|Any CPU.Build.0 = Debug|Any CPU
		{21DCA42C-0C16-4D0D-B157-F7867CB8983A}.Release|Any CPU.ActiveCfg = Release|Any CPU
		{21DCA42C-0C16-4D0D-B157-F7867CB8983A}.Release|Any CPU.Build.0 = Release|Any CPU
		{EB7F0EA4-AFEB-4B77-940E-04D96FBF5881}.Debug|Any CPU.ActiveCfg = Debug|Any CPU
		{EB7F0EA4-AFEB-4B77-940E-04D96FBF5881}.Debug|Any CPU.Build.0 = Debug|Any CPU
		{EB7F0EA4-AFEB-4B77-940E-04D96FBF5881}.Release|Any CPU.ActiveCfg = Release|Any CPU
		{EB7F0EA4-AFEB-4B77-940E-04D96FBF5881}.Release|Any CPU.Build.0 = Release|Any CPU
		{F3860753-816B-4C98-8983-9413C957D489}.Debug|Any CPU.ActiveCfg = Debug|Any CPU
		{F3860753-816B-4C98-8983-9413C957D489}.Debug|Any CPU.Build.0 = Debug|Any CPU
		{F3860753-816B-4C98-8983-9413C957D489}.Release|Any CPU.ActiveCfg = Release|Any CPU
		{F3860753-816B-4C98-8983-9413C957D489}.Release|Any CPU.Build.0 = Release|Any CPU
		{72416B61-4449-4E63-A7FB-E23EBBE11DEE}.Debug|Any CPU.ActiveCfg = Debug|Any CPU
		{72416B61-4449-4E63-A7FB-E23EBBE11DEE}.Debug|Any CPU.Build.0 = Debug|Any CPU
		{72416B61-4449-4E63-A7FB-E23EBBE11DEE}.Release|Any CPU.ActiveCfg = Release|Any CPU
		{72416B61-4449-4E63-A7FB-E23EBBE11DEE}.Release|Any CPU.Build.0 = Release|Any CPU
	EndGlobalSection
EndGlobal
